// !$*UTF8*$!
{
	archiveVersion = 1;
	classes = {
	};
	objectVersion = 56;
	objects = {

/* Begin PBXBuildFile section */
		81D769D82C1031B400E3D9A7 /* AppDelegate.swift in Sources */ = {isa = PBXBuildFile; fileRef = 81D769D72C1031B400E3D9A7 /* AppDelegate.swift */; };
		81D769DA2C1031B400E3D9A7 /* SceneDelegate.swift in Sources */ = {isa = PBXBuildFile; fileRef = 81D769D92C1031B400E3D9A7 /* SceneDelegate.swift */; };
		81D769DC2C1031B400E3D9A7 /* ViewController.swift in Sources */ = {isa = PBXBuildFile; fileRef = 81D769DB2C1031B400E3D9A7 /* ViewController.swift */; };
		81D769E12C1031B500E3D9A7 /* Assets.xcassets in Resources */ = {isa = PBXBuildFile; fileRef = 81D769E02C1031B500E3D9A7 /* Assets.xcassets */; };
		81D769E42C1031B500E3D9A7 /* Base in Resources */ = {isa = PBXBuildFile; fileRef = 81D769E32C1031B500E3D9A7 /* Base */; };
		81D769EC2C1032E900E3D9A7 /* .gitignore in Resources */ = {isa = PBXBuildFile; fileRef = 81D769EB2C1032E900E3D9A7 /* .gitignore */; };
		81D769EE2C10331100E3D9A7 /* APIKey.swift in Sources */ = {isa = PBXBuildFile; fileRef = 81D769ED2C10331100E3D9A7 /* APIKey.swift */; };
		81D769F12C103AA200E3D9A7 /* SnapKit in Frameworks */ = {isa = PBXBuildFile; productRef = 81D769F02C103AA200E3D9A7 /* SnapKit */; };
		81D769F42C103AAE00E3D9A7 /* Alamofire in Frameworks */ = {isa = PBXBuildFile; productRef = 81D769F32C103AAE00E3D9A7 /* Alamofire */; };
		81D769F72C103B3300E3D9A7 /* ExtensionVCIdentifier.swift in Sources */ = {isa = PBXBuildFile; fileRef = 81D769F62C103B3300E3D9A7 /* ExtensionVCIdentifier.swift */; };
		81D769FB2C103C8E00E3D9A7 /* LotteryViewController.swift in Sources */ = {isa = PBXBuildFile; fileRef = 81D769FA2C103C8E00E3D9A7 /* LotteryViewController.swift */; };
		81D769FE2C103CF400E3D9A7 /* MovieViewController.swift in Sources */ = {isa = PBXBuildFile; fileRef = 81D769FD2C103CF400E3D9A7 /* MovieViewController.swift */; };
		81D76A002C103D2300E3D9A7 /* WeatherViewController.swift in Sources */ = {isa = PBXBuildFile; fileRef = 81D769FF2C103D2300E3D9A7 /* WeatherViewController.swift */; };
		81D76A022C103D9400E3D9A7 /* ExtensionUIViewController.swift in Sources */ = {isa = PBXBuildFile; fileRef = 81D76A012C103D9400E3D9A7 /* ExtensionUIViewController.swift */; };
		81D76A052C103F7A00E3D9A7 /* Lottery.swift in Sources */ = {isa = PBXBuildFile; fileRef = 81D76A042C103F7A00E3D9A7 /* Lottery.swift */; };
		81D76A072C104D7400E3D9A7 /* Urls.swift in Sources */ = {isa = PBXBuildFile; fileRef = 81D76A062C104D7400E3D9A7 /* Urls.swift */; };
		81D76A092C10514400E3D9A7 /* ExtensionLabel.swift in Sources */ = {isa = PBXBuildFile; fileRef = 81D76A082C10514400E3D9A7 /* ExtensionLabel.swift */; };
/* End PBXBuildFile section */

/* Begin PBXFileReference section */
		81D769D42C1031B400E3D9A7 /* swift_codebase_project.app */ = {isa = PBXFileReference; explicitFileType = wrapper.application; includeInIndex = 0; path = swift_codebase_project.app; sourceTree = BUILT_PRODUCTS_DIR; };
		81D769D72C1031B400E3D9A7 /* AppDelegate.swift */ = {isa = PBXFileReference; lastKnownFileType = sourcecode.swift; path = AppDelegate.swift; sourceTree = "<group>"; };
		81D769D92C1031B400E3D9A7 /* SceneDelegate.swift */ = {isa = PBXFileReference; lastKnownFileType = sourcecode.swift; path = SceneDelegate.swift; sourceTree = "<group>"; };
		81D769DB2C1031B400E3D9A7 /* ViewController.swift */ = {isa = PBXFileReference; lastKnownFileType = sourcecode.swift; path = ViewController.swift; sourceTree = "<group>"; };
		81D769E02C1031B500E3D9A7 /* Assets.xcassets */ = {isa = PBXFileReference; lastKnownFileType = folder.assetcatalog; path = Assets.xcassets; sourceTree = "<group>"; };
		81D769E32C1031B500E3D9A7 /* Base */ = {isa = PBXFileReference; lastKnownFileType = file.storyboard; name = Base; path = Base.lproj/LaunchScreen.storyboard; sourceTree = "<group>"; };
		81D769E52C1031B500E3D9A7 /* Info.plist */ = {isa = PBXFileReference; lastKnownFileType = text.plist.xml; path = Info.plist; sourceTree = "<group>"; };
		81D769EB2C1032E900E3D9A7 /* .gitignore */ = {isa = PBXFileReference; lastKnownFileType = text; path = .gitignore; sourceTree = "<group>"; };
		81D769ED2C10331100E3D9A7 /* APIKey.swift */ = {isa = PBXFileReference; lastKnownFileType = sourcecode.swift; path = APIKey.swift; sourceTree = "<group>"; };
		81D769F62C103B3300E3D9A7 /* ExtensionVCIdentifier.swift */ = {isa = PBXFileReference; lastKnownFileType = sourcecode.swift; path = ExtensionVCIdentifier.swift; sourceTree = "<group>"; };
		81D769FA2C103C8E00E3D9A7 /* LotteryViewController.swift */ = {isa = PBXFileReference; lastKnownFileType = sourcecode.swift; path = LotteryViewController.swift; sourceTree = "<group>"; };
		81D769FD2C103CF400E3D9A7 /* MovieViewController.swift */ = {isa = PBXFileReference; lastKnownFileType = sourcecode.swift; path = MovieViewController.swift; sourceTree = "<group>"; };
		81D769FF2C103D2300E3D9A7 /* WeatherViewController.swift */ = {isa = PBXFileReference; lastKnownFileType = sourcecode.swift; path = WeatherViewController.swift; sourceTree = "<group>"; };
		81D76A012C103D9400E3D9A7 /* ExtensionUIViewController.swift */ = {isa = PBXFileReference; lastKnownFileType = sourcecode.swift; path = ExtensionUIViewController.swift; sourceTree = "<group>"; };
		81D76A042C103F7A00E3D9A7 /* Lottery.swift */ = {isa = PBXFileReference; lastKnownFileType = sourcecode.swift; path = Lottery.swift; sourceTree = "<group>"; };
		81D76A062C104D7400E3D9A7 /* Urls.swift */ = {isa = PBXFileReference; lastKnownFileType = sourcecode.swift; path = Urls.swift; sourceTree = "<group>"; };
		81D76A082C10514400E3D9A7 /* ExtensionLabel.swift */ = {isa = PBXFileReference; lastKnownFileType = sourcecode.swift; path = ExtensionLabel.swift; sourceTree = "<group>"; };
/* End PBXFileReference section */

/* Begin PBXFrameworksBuildPhase section */
		81D769D12C1031B400E3D9A7 /* Frameworks */ = {
			isa = PBXFrameworksBuildPhase;
			buildActionMask = 2147483647;
			files = (
				81D769F12C103AA200E3D9A7 /* SnapKit in Frameworks */,
				81D769F42C103AAE00E3D9A7 /* Alamofire in Frameworks */,
			);
			runOnlyForDeploymentPostprocessing = 0;
		};
/* End PBXFrameworksBuildPhase section */

/* Begin PBXGroup section */
		81D769CB2C1031B400E3D9A7 = {
			isa = PBXGroup;
			children = (
				81D769EB2C1032E900E3D9A7 /* .gitignore */,
				81D769D62C1031B400E3D9A7 /* swift_codebase_project */,
				81D769D52C1031B400E3D9A7 /* Products */,
			);
			sourceTree = "<group>";
		};
		81D769D52C1031B400E3D9A7 /* Products */ = {
			isa = PBXGroup;
			children = (
				81D769D42C1031B400E3D9A7 /* swift_codebase_project.app */,
			);
			name = Products;
			sourceTree = "<group>";
		};
		81D769D62C1031B400E3D9A7 /* swift_codebase_project */ = {
			isa = PBXGroup;
			children = (
				81D76A032C103F7300E3D9A7 /* Model */,
				81D769FC2C103C9A00E3D9A7 /* VC */,
				81D769F52C103B0B00E3D9A7 /* Lib */,
				81D769D72C1031B400E3D9A7 /* AppDelegate.swift */,
				81D769D92C1031B400E3D9A7 /* SceneDelegate.swift */,
				81D769E02C1031B500E3D9A7 /* Assets.xcassets */,
				81D769E22C1031B500E3D9A7 /* LaunchScreen.storyboard */,
				81D769E52C1031B500E3D9A7 /* Info.plist */,
				81D769ED2C10331100E3D9A7 /* APIKey.swift */,
			);
			path = swift_codebase_project;
			sourceTree = "<group>";
		};
		81D769F52C103B0B00E3D9A7 /* Lib */ = {
			isa = PBXGroup;
			children = (
				81D769F62C103B3300E3D9A7 /* ExtensionVCIdentifier.swift */,
				81D76A012C103D9400E3D9A7 /* ExtensionUIViewController.swift */,
				81D76A062C104D7400E3D9A7 /* Urls.swift */,
				81D76A082C10514400E3D9A7 /* ExtensionLabel.swift */,
			);
			path = Lib;
			sourceTree = "<group>";
		};
		81D769FC2C103C9A00E3D9A7 /* VC */ = {
			isa = PBXGroup;
			children = (
				81D769FA2C103C8E00E3D9A7 /* LotteryViewController.swift */,
				81D769FD2C103CF400E3D9A7 /* MovieViewController.swift */,
				81D769FF2C103D2300E3D9A7 /* WeatherViewController.swift */,
				81D769DB2C1031B400E3D9A7 /* ViewController.swift */,
			);
			path = VC;
			sourceTree = "<group>";
		};
		81D76A032C103F7300E3D9A7 /* Model */ = {
			isa = PBXGroup;
			children = (
				81D76A042C103F7A00E3D9A7 /* Lottery.swift */,
			);
			path = Model;
			sourceTree = "<group>";
		};
/* End PBXGroup section */

/* Begin PBXNativeTarget section */
		81D769D32C1031B400E3D9A7 /* swift_codebase_project */ = {
			isa = PBXNativeTarget;
			buildConfigurationList = 81D769E82C1031B500E3D9A7 /* Build configuration list for PBXNativeTarget "swift_codebase_project" */;
			buildPhases = (
				81D769D02C1031B400E3D9A7 /* Sources */,
				81D769D12C1031B400E3D9A7 /* Frameworks */,
				81D769D22C1031B400E3D9A7 /* Resources */,
			);
			buildRules = (
			);
			dependencies = (
			);
			name = swift_codebase_project;
			packageProductDependencies = (
				81D769F02C103AA200E3D9A7 /* SnapKit */,
				81D769F32C103AAE00E3D9A7 /* Alamofire */,
			);
			productName = swift_codebase_project;
			productReference = 81D769D42C1031B400E3D9A7 /* swift_codebase_project.app */;
			productType = "com.apple.product-type.application";
		};
/* End PBXNativeTarget section */

/* Begin PBXProject section */
		81D769CC2C1031B400E3D9A7 /* Project object */ = {
			isa = PBXProject;
			attributes = {
				BuildIndependentTargetsInParallel = 1;
				LastSwiftUpdateCheck = 1530;
				LastUpgradeCheck = 1530;
				TargetAttributes = {
					81D769D32C1031B400E3D9A7 = {
						CreatedOnToolsVersion = 15.3;
					};
				};
			};
			buildConfigurationList = 81D769CF2C1031B400E3D9A7 /* Build configuration list for PBXProject "swift_codebase_project" */;
			compatibilityVersion = "Xcode 14.0";
			developmentRegion = en;
			hasScannedForEncodings = 0;
			knownRegions = (
				en,
				Base,
			);
			mainGroup = 81D769CB2C1031B400E3D9A7;
			packageReferences = (
				81D769EF2C103AA200E3D9A7 /* XCRemoteSwiftPackageReference "SnapKit" */,
				81D769F22C103AAE00E3D9A7 /* XCRemoteSwiftPackageReference "Alamofire" */,
			);
			productRefGroup = 81D769D52C1031B400E3D9A7 /* Products */;
			projectDirPath = "";
			projectRoot = "";
			targets = (
				81D769D32C1031B400E3D9A7 /* swift_codebase_project */,
			);
		};
/* End PBXProject section */

/* Begin PBXResourcesBuildPhase section */
		81D769D22C1031B400E3D9A7 /* Resources */ = {
			isa = PBXResourcesBuildPhase;
			buildActionMask = 2147483647;
			files = (
				81D769E12C1031B500E3D9A7 /* Assets.xcassets in Resources */,
				81D769EC2C1032E900E3D9A7 /* .gitignore in Resources */,
				81D769E42C1031B500E3D9A7 /* Base in Resources */,
			);
			runOnlyForDeploymentPostprocessing = 0;
		};
/* End PBXResourcesBuildPhase section */

/* Begin PBXSourcesBuildPhase section */
		81D769D02C1031B400E3D9A7 /* Sources */ = {
			isa = PBXSourcesBuildPhase;
			buildActionMask = 2147483647;
			files = (
				81D769DC2C1031B400E3D9A7 /* ViewController.swift in Sources */,
				81D769FE2C103CF400E3D9A7 /* MovieViewController.swift in Sources */,
				81D769D82C1031B400E3D9A7 /* AppDelegate.swift in Sources */,
				81D76A052C103F7A00E3D9A7 /* Lottery.swift in Sources */,
				81D76A092C10514400E3D9A7 /* ExtensionLabel.swift in Sources */,
				81D76A072C104D7400E3D9A7 /* Urls.swift in Sources */,
				81D76A022C103D9400E3D9A7 /* ExtensionUIViewController.swift in Sources */,
				81D769F72C103B3300E3D9A7 /* ExtensionVCIdentifier.swift in Sources */,
				81D769EE2C10331100E3D9A7 /* APIKey.swift in Sources */,
				81D76A002C103D2300E3D9A7 /* WeatherViewController.swift in Sources */,
				81D769FB2C103C8E00E3D9A7 /* LotteryViewController.swift in Sources */,
				81D769DA2C1031B400E3D9A7 /* SceneDelegate.swift in Sources */,
			);
			runOnlyForDeploymentPostprocessing = 0;
		};
/* End PBXSourcesBuildPhase section */

/* Begin PBXVariantGroup section */
		81D769E22C1031B500E3D9A7 /* LaunchScreen.storyboard */ = {
			isa = PBXVariantGroup;
			children = (
				81D769E32C1031B500E3D9A7 /* Base */,
			);
			name = LaunchScreen.storyboard;
			sourceTree = "<group>";
		};
/* End PBXVariantGroup section */

/* Begin XCBuildConfiguration section */
		81D769E62C1031B500E3D9A7 /* Debug */ = {
			isa = XCBuildConfiguration;
			buildSettings = {
				ALWAYS_SEARCH_USER_PATHS = NO;
				ASSETCATALOG_COMPILER_GENERATE_SWIFT_ASSET_SYMBOL_EXTENSIONS = YES;
				CLANG_ANALYZER_NONNULL = YES;
				CLANG_ANALYZER_NUMBER_OBJECT_CONVERSION = YES_AGGRESSIVE;
				CLANG_CXX_LANGUAGE_STANDARD = "gnu++20";
				CLANG_ENABLE_MODULES = YES;
				CLANG_ENABLE_OBJC_ARC = YES;
				CLANG_ENABLE_OBJC_WEAK = YES;
				CLANG_WARN_BLOCK_CAPTURE_AUTORELEASING = YES;
				CLANG_WARN_BOOL_CONVERSION = YES;
				CLANG_WARN_COMMA = YES;
				CLANG_WARN_CONSTANT_CONVERSION = YES;
				CLANG_WARN_DEPRECATED_OBJC_IMPLEMENTATIONS = YES;
				CLANG_WARN_DIRECT_OBJC_ISA_USAGE = YES_ERROR;
				CLANG_WARN_DOCUMENTATION_COMMENTS = YES;
				CLANG_WARN_EMPTY_BODY = YES;
				CLANG_WARN_ENUM_CONVERSION = YES;
				CLANG_WARN_INFINITE_RECURSION = YES;
				CLANG_WARN_INT_CONVERSION = YES;
				CLANG_WARN_NON_LITERAL_NULL_CONVERSION = YES;
				CLANG_WARN_OBJC_IMPLICIT_RETAIN_SELF = YES;
				CLANG_WARN_OBJC_LITERAL_CONVERSION = YES;
				CLANG_WARN_OBJC_ROOT_CLASS = YES_ERROR;
				CLANG_WARN_QUOTED_INCLUDE_IN_FRAMEWORK_HEADER = YES;
				CLANG_WARN_RANGE_LOOP_ANALYSIS = YES;
				CLANG_WARN_STRICT_PROTOTYPES = YES;
				CLANG_WARN_SUSPICIOUS_MOVE = YES;
				CLANG_WARN_UNGUARDED_AVAILABILITY = YES_AGGRESSIVE;
				CLANG_WARN_UNREACHABLE_CODE = YES;
				CLANG_WARN__DUPLICATE_METHOD_MATCH = YES;
				COPY_PHASE_STRIP = NO;
				DEBUG_INFORMATION_FORMAT = dwarf;
				ENABLE_STRICT_OBJC_MSGSEND = YES;
				ENABLE_TESTABILITY = YES;
				ENABLE_USER_SCRIPT_SANDBOXING = YES;
				GCC_C_LANGUAGE_STANDARD = gnu17;
				GCC_DYNAMIC_NO_PIC = NO;
				GCC_NO_COMMON_BLOCKS = YES;
				GCC_OPTIMIZATION_LEVEL = 0;
				GCC_PREPROCESSOR_DEFINITIONS = (
					"DEBUG=1",
					"$(inherited)",
				);
				GCC_WARN_64_TO_32_BIT_CONVERSION = YES;
				GCC_WARN_ABOUT_RETURN_TYPE = YES_ERROR;
				GCC_WARN_UNDECLARED_SELECTOR = YES;
				GCC_WARN_UNINITIALIZED_AUTOS = YES_AGGRESSIVE;
				GCC_WARN_UNUSED_FUNCTION = YES;
				GCC_WARN_UNUSED_VARIABLE = YES;
				IPHONEOS_DEPLOYMENT_TARGET = 17.4;
				LOCALIZATION_PREFERS_STRING_CATALOGS = YES;
				MTL_ENABLE_DEBUG_INFO = INCLUDE_SOURCE;
				MTL_FAST_MATH = YES;
				ONLY_ACTIVE_ARCH = YES;
				SDKROOT = iphoneos;
				SWIFT_ACTIVE_COMPILATION_CONDITIONS = "DEBUG $(inherited)";
				SWIFT_OPTIMIZATION_LEVEL = "-Onone";
			};
			name = Debug;
		};
		81D769E72C1031B500E3D9A7 /* Release */ = {
			isa = XCBuildConfiguration;
			buildSettings = {
				ALWAYS_SEARCH_USER_PATHS = NO;
				ASSETCATALOG_COMPILER_GENERATE_SWIFT_ASSET_SYMBOL_EXTENSIONS = YES;
				CLANG_ANALYZER_NONNULL = YES;
				CLANG_ANALYZER_NUMBER_OBJECT_CONVERSION = YES_AGGRESSIVE;
				CLANG_CXX_LANGUAGE_STANDARD = "gnu++20";
				CLANG_ENABLE_MODULES = YES;
				CLANG_ENABLE_OBJC_ARC = YES;
				CLANG_ENABLE_OBJC_WEAK = YES;
				CLANG_WARN_BLOCK_CAPTURE_AUTORELEASING = YES;
				CLANG_WARN_BOOL_CONVERSION = YES;
				CLANG_WARN_COMMA = YES;
				CLANG_WARN_CONSTANT_CONVERSION = YES;
				CLANG_WARN_DEPRECATED_OBJC_IMPLEMENTATIONS = YES;
				CLANG_WARN_DIRECT_OBJC_ISA_USAGE = YES_ERROR;
				CLANG_WARN_DOCUMENTATION_COMMENTS = YES;
				CLANG_WARN_EMPTY_BODY = YES;
				CLANG_WARN_ENUM_CONVERSION = YES;
				CLANG_WARN_INFINITE_RECURSION = YES;
				CLANG_WARN_INT_CONVERSION = YES;
				CLANG_WARN_NON_LITERAL_NULL_CONVERSION = YES;
				CLANG_WARN_OBJC_IMPLICIT_RETAIN_SELF = YES;
				CLANG_WARN_OBJC_LITERAL_CONVERSION = YES;
				CLANG_WARN_OBJC_ROOT_CLASS = YES_ERROR;
				CLANG_WARN_QUOTED_INCLUDE_IN_FRAMEWORK_HEADER = YES;
				CLANG_WARN_RANGE_LOOP_ANALYSIS = YES;
				CLANG_WARN_STRICT_PROTOTYPES = YES;
				CLANG_WARN_SUSPICIOUS_MOVE = YES;
				CLANG_WARN_UNGUARDED_AVAILABILITY = YES_AGGRESSIVE;
				CLANG_WARN_UNREACHABLE_CODE = YES;
				CLANG_WARN__DUPLICATE_METHOD_MATCH = YES;
				COPY_PHASE_STRIP = NO;
				DEBUG_INFORMATION_FORMAT = "dwarf-with-dsym";
				ENABLE_NS_ASSERTIONS = NO;
				ENABLE_STRICT_OBJC_MSGSEND = YES;
				ENABLE_USER_SCRIPT_SANDBOXING = YES;
				GCC_C_LANGUAGE_STANDARD = gnu17;
				GCC_NO_COMMON_BLOCKS = YES;
				GCC_WARN_64_TO_32_BIT_CONVERSION = YES;
				GCC_WARN_ABOUT_RETURN_TYPE = YES_ERROR;
				GCC_WARN_UNDECLARED_SELECTOR = YES;
				GCC_WARN_UNINITIALIZED_AUTOS = YES_AGGRESSIVE;
				GCC_WARN_UNUSED_FUNCTION = YES;
				GCC_WARN_UNUSED_VARIABLE = YES;
				IPHONEOS_DEPLOYMENT_TARGET = 17.4;
				LOCALIZATION_PREFERS_STRING_CATALOGS = YES;
				MTL_ENABLE_DEBUG_INFO = NO;
				MTL_FAST_MATH = YES;
				SDKROOT = iphoneos;
				SWIFT_COMPILATION_MODE = wholemodule;
				VALIDATE_PRODUCT = YES;
			};
			name = Release;
		};
		81D769E92C1031B500E3D9A7 /* Debug */ = {
			isa = XCBuildConfiguration;
			buildSettings = {
				ASSETCATALOG_COMPILER_APPICON_NAME = AppIcon;
				ASSETCATALOG_COMPILER_GLOBAL_ACCENT_COLOR_NAME = AccentColor;
				CODE_SIGN_STYLE = Automatic;
				CURRENT_PROJECT_VERSION = 1;
				DEVELOPMENT_TEAM = YM49LMS87D;
				GENERATE_INFOPLIST_FILE = YES;
				INFOPLIST_FILE = swift_codebase_project/Info.plist;
				INFOPLIST_KEY_UIApplicationSupportsIndirectInputEvents = YES;
				INFOPLIST_KEY_UILaunchStoryboardName = LaunchScreen;
				INFOPLIST_KEY_UISupportedInterfaceOrientations = UIInterfaceOrientationPortrait;
				INFOPLIST_KEY_UISupportedInterfaceOrientations_iPad = "UIInterfaceOrientationLandscapeLeft UIInterfaceOrientationLandscapeRight UIInterfaceOrientationPortrait UIInterfaceOrientationPortraitUpsideDown";
				IPHONEOS_DEPLOYMENT_TARGET = 15.0;
				LD_RUNPATH_SEARCH_PATHS = (
					"$(inherited)",
					"@executable_path/Frameworks",
				);
				MARKETING_VERSION = 0.0.1;
				PRODUCT_BUNDLE_IDENTIFIER = "com.hk.swift-codebase-project";
				PRODUCT_NAME = "$(TARGET_NAME)";
				SUPPORTED_PLATFORMS = "iphoneos iphonesimulator";
				SUPPORTS_MACCATALYST = NO;
				SUPPORTS_MAC_DESIGNED_FOR_IPHONE_IPAD = NO;
				SUPPORTS_XR_DESIGNED_FOR_IPHONE_IPAD = NO;
				SWIFT_EMIT_LOC_STRINGS = YES;
				SWIFT_VERSION = 5.0;
				TARGETED_DEVICE_FAMILY = 1;
			};
			name = Debug;
		};
		81D769EA2C1031B500E3D9A7 /* Release */ = {
			isa = XCBuildConfiguration;
			buildSettings = {
				ASSETCATALOG_COMPILER_APPICON_NAME = AppIcon;
				ASSETCATALOG_COMPILER_GLOBAL_ACCENT_COLOR_NAME = AccentColor;
				CODE_SIGN_STYLE = Automatic;
				CURRENT_PROJECT_VERSION = 1;
				DEVELOPMENT_TEAM = YM49LMS87D;
				GENERATE_INFOPLIST_FILE = YES;
				INFOPLIST_FILE = swift_codebase_project/Info.plist;
				INFOPLIST_KEY_UIApplicationSupportsIndirectInputEvents = YES;
				INFOPLIST_KEY_UILaunchStoryboardName = LaunchScreen;
				INFOPLIST_KEY_UISupportedInterfaceOrientations = UIInterfaceOrientationPortrait;
				INFOPLIST_KEY_UISupportedInterfaceOrientations_iPad = "UIInterfaceOrientationLandscapeLeft UIInterfaceOrientationLandscapeRight UIInterfaceOrientationPortrait UIInterfaceOrientationPortraitUpsideDown";
				IPHONEOS_DEPLOYMENT_TARGET = 15.0;
				LD_RUNPATH_SEARCH_PATHS = (
					"$(inherited)",
					"@executable_path/Frameworks",
				);
				MARKETING_VERSION = 0.0.1;
				PRODUCT_BUNDLE_IDENTIFIER = "com.hk.swift-codebase-project";
				PRODUCT_NAME = "$(TARGET_NAME)";
				SUPPORTED_PLATFORMS = "iphoneos iphonesimulator";
				SUPPORTS_MACCATALYST = NO;
				SUPPORTS_MAC_DESIGNED_FOR_IPHONE_IPAD = NO;
				SUPPORTS_XR_DESIGNED_FOR_IPHONE_IPAD = NO;
				SWIFT_EMIT_LOC_STRINGS = YES;
				SWIFT_VERSION = 5.0;
				TARGETED_DEVICE_FAMILY = 1;
			};
			name = Release;
		};
/* End XCBuildConfiguration section */

/* Begin XCConfigurationList section */
		81D769CF2C1031B400E3D9A7 /* Build configuration list for PBXProject "swift_codebase_project" */ = {
			isa = XCConfigurationList;
			buildConfigurations = (
				81D769E62C1031B500E3D9A7 /* Debug */,
				81D769E72C1031B500E3D9A7 /* Release */,
			);
			defaultConfigurationIsVisible = 0;
			defaultConfigurationName = Release;
		};
		81D769E82C1031B500E3D9A7 /* Build configuration list for PBXNativeTarget "swift_codebase_project" */ = {
			isa = XCConfigurationList;
			buildConfigurations = (
				81D769E92C1031B500E3D9A7 /* Debug */,
				81D769EA2C1031B500E3D9A7 /* Release */,
			);
			defaultConfigurationIsVisible = 0;
			defaultConfigurationName = Release;
		};
/* End XCConfigurationList section */

/* Begin XCRemoteSwiftPackageReference section */
		81D769EF2C103AA200E3D9A7 /* XCRemoteSwiftPackageReference "SnapKit" */ = {
			isa = XCRemoteSwiftPackageReference;
			repositoryURL = "https://github.com/SnapKit/SnapKit.git";
			requirement = {
				kind = upToNextMajorVersion;
				minimumVersion = 5.7.1;
			};
		};
		81D769F22C103AAE00E3D9A7 /* XCRemoteSwiftPackageReference "Alamofire" */ = {
			isa = XCRemoteSwiftPackageReference;
			repositoryURL = "https://github.com/Alamofire/Alamofire.git";
			requirement = {
				kind = upToNextMajorVersion;
				minimumVersion = 5.9.1;
			};
		};
/* End XCRemoteSwiftPackageReference section */

/* Begin XCSwiftPackageProductDependency section */
		81D769F02C103AA200E3D9A7 /* SnapKit */ = {
			isa = XCSwiftPackageProductDependency;
			package = 81D769EF2C103AA200E3D9A7 /* XCRemoteSwiftPackageReference "SnapKit" */;
			productName = SnapKit;
		};
		81D769F32C103AAE00E3D9A7 /* Alamofire */ = {
			isa = XCSwiftPackageProductDependency;
			package = 81D769F22C103AAE00E3D9A7 /* XCRemoteSwiftPackageReference "Alamofire" */;
			productName = Alamofire;
		};
/* End XCSwiftPackageProductDependency section */
	};
	rootObject = 81D769CC2C1031B400E3D9A7 /* Project object */;
}
